
Microsoft Visual Studio Solution File, Format Version 12.00
# Visual Studio Version 16
VisualStudioVersion = 16.0.30717.126
MinimumVisualStudioVersion = 10.0.40219.1
Project("{9A19103F-16F7-4668-BE54-9A1E7A4F7556}") = "PelicularApi", "PelicularApi.csproj", "{2ADF39D0-61FD-4149-BEB2-39311C99B235}"
EndProject
Global
	GlobalSection(SolutionConfigurationPlatforms) = preSolution
		Debug|Any CPU = Debug|Any CPU
		Release|Any CPU = Release|Any CPU
	EndGlobalSection
	GlobalSection(ProjectConfigurationPlatforms) = postSolution
		{2ADF39D0-61FD-4149-BEB2-39311C99B235}.Debug|Any CPU.ActiveCfg = Debug|Any CPU
		{2ADF39D0-61FD-4149-BEB2-39311C99B235}.Debug|Any CPU.Build.0 = Debug|Any CPU
		{2ADF39D0-61FD-4149-BEB2-39311C99B235}.Release|Any CPU.ActiveCfg = Release|Any CPU
		{2ADF39D0-61FD-4149-BEB2-39311C99B235}.Release|Any CPU.Build.0 = Release|Any CPU
	EndGlobalSection
	GlobalSection(SolutionProperties) = preSolution
		HideSolutionNode = FALSE
	EndGlobalSection
	GlobalSection(ExtensibilityGlobals) = postSolution
		SolutionGuid = {6D5B40C0-636B-417F-99EA-28FCCFD39580}
	EndGlobalSection
EndGlobal
